// !$*UTF8*$!
{
	archiveVersion = 1;
	classes = {
	};
	objectVersion = 51;
	objects = {

/* Begin PBXBuildFile section */
		004594C82A22C3936F1A7491 /* Pods_Satelita.framework in Frameworks */ = {isa = PBXBuildFile; fileRef = FB9E8E11FA2E8B0260C7AECC /* Pods_Satelita.framework */; };
		3D7AE83C22FD7CF700410B5D /* config.plist in Resources */ = {isa = PBXBuildFile; fileRef = 3D7AE83B22FD7CF700410B5D /* config.plist */; };
		3D7AE83F22FD7D7100410B5D /* ConfigurationManager.swift in Sources */ = {isa = PBXBuildFile; fileRef = 3D7AE83E22FD7D7100410B5D /* ConfigurationManager.swift */; };
		3DA2A7982303FFAC001D3EA2 /* Logger.swift in Sources */ = {isa = PBXBuildFile; fileRef = 3DA2A7972303FFAC001D3EA2 /* Logger.swift */; };
		3DA79E9122FD586A00075AC8 /* AppDelegate.swift in Sources */ = {isa = PBXBuildFile; fileRef = 3DA79E9022FD586A00075AC8 /* AppDelegate.swift */; };
		3DA79E9322FD586A00075AC8 /* ViewController.swift in Sources */ = {isa = PBXBuildFile; fileRef = 3DA79E9222FD586A00075AC8 /* ViewController.swift */; };
		3DA79E9622FD586A00075AC8 /* Main.storyboard in Resources */ = {isa = PBXBuildFile; fileRef = 3DA79E9422FD586A00075AC8 /* Main.storyboard */; };
		3DA79E9822FD586D00075AC8 /* Assets.xcassets in Resources */ = {isa = PBXBuildFile; fileRef = 3DA79E9722FD586D00075AC8 /* Assets.xcassets */; };
		3DA79E9B22FD586D00075AC8 /* LaunchScreen.storyboard in Resources */ = {isa = PBXBuildFile; fileRef = 3DA79E9922FD586D00075AC8 /* LaunchScreen.storyboard */; };
/* End PBXBuildFile section */

/* Begin PBXFileReference section */
		3D7AE83B22FD7CF700410B5D /* config.plist */ = {isa = PBXFileReference; lastKnownFileType = text.plist.xml; path = config.plist; sourceTree = "<group>"; };
		3D7AE83E22FD7D7100410B5D /* ConfigurationManager.swift */ = {isa = PBXFileReference; lastKnownFileType = sourcecode.swift; path = ConfigurationManager.swift; sourceTree = "<group>"; };
		3DA2A7972303FFAC001D3EA2 /* Logger.swift */ = {isa = PBXFileReference; lastKnownFileType = sourcecode.swift; path = Logger.swift; sourceTree = "<group>"; };
		3DA79E8D22FD586A00075AC8 /* Satelita.app */ = {isa = PBXFileReference; explicitFileType = wrapper.application; includeInIndex = 0; path = Satelita.app; sourceTree = BUILT_PRODUCTS_DIR; };
		3DA79E9022FD586A00075AC8 /* AppDelegate.swift */ = {isa = PBXFileReference; lastKnownFileType = sourcecode.swift; path = AppDelegate.swift; sourceTree = "<group>"; };
		3DA79E9222FD586A00075AC8 /* ViewController.swift */ = {isa = PBXFileReference; lastKnownFileType = sourcecode.swift; path = ViewController.swift; sourceTree = "<group>"; };
		3DA79E9522FD586A00075AC8 /* Base */ = {isa = PBXFileReference; lastKnownFileType = file.storyboard; name = Base; path = Base.lproj/Main.storyboard; sourceTree = "<group>"; };
		3DA79E9722FD586D00075AC8 /* Assets.xcassets */ = {isa = PBXFileReference; lastKnownFileType = folder.assetcatalog; path = Assets.xcassets; sourceTree = "<group>"; };
		3DA79E9A22FD586D00075AC8 /* Base */ = {isa = PBXFileReference; lastKnownFileType = file.storyboard; name = Base; path = Base.lproj/LaunchScreen.storyboard; sourceTree = "<group>"; };
		3DA79E9C22FD586D00075AC8 /* Info.plist */ = {isa = PBXFileReference; lastKnownFileType = text.plist.xml; path = Info.plist; sourceTree = "<group>"; };
		6E5D25CDB366D141E67A2C30 /* Pods-Satelita.release.xcconfig */ = {isa = PBXFileReference; includeInIndex = 1; lastKnownFileType = text.xcconfig; name = "Pods-Satelita.release.xcconfig"; path = "Target Support Files/Pods-Satelita/Pods-Satelita.release.xcconfig"; sourceTree = "<group>"; };
		F089F7CBC65322CA1227DDB7 /* Pods-Satelita.debug.xcconfig */ = {isa = PBXFileReference; includeInIndex = 1; lastKnownFileType = text.xcconfig; name = "Pods-Satelita.debug.xcconfig"; path = "Target Support Files/Pods-Satelita/Pods-Satelita.debug.xcconfig"; sourceTree = "<group>"; };
		FB9E8E11FA2E8B0260C7AECC /* Pods_Satelita.framework */ = {isa = PBXFileReference; explicitFileType = wrapper.framework; includeInIndex = 0; path = Pods_Satelita.framework; sourceTree = BUILT_PRODUCTS_DIR; };
/* End PBXFileReference section */

/* Begin PBXFrameworksBuildPhase section */
		3DA79E8A22FD586A00075AC8 /* Frameworks */ = {
			isa = PBXFrameworksBuildPhase;
			buildActionMask = 2147483647;
			files = (
				004594C82A22C3936F1A7491 /* Pods_Satelita.framework in Frameworks */,
			);
			runOnlyForDeploymentPostprocessing = 0;
		};
/* End PBXFrameworksBuildPhase section */

/* Begin PBXGroup section */
		024B48241C6125CBADA670EF /* Pods */ = {
			isa = PBXGroup;
			children = (
				F089F7CBC65322CA1227DDB7 /* Pods-Satelita.debug.xcconfig */,
				6E5D25CDB366D141E67A2C30 /* Pods-Satelita.release.xcconfig */,
			);
			path = Pods;
			sourceTree = "<group>";
		};
		3D7AE83522FD7C4300410B5D /* Configuration */ = {
			isa = PBXGroup;
			children = (
				3D7AE83822FD7CA600410B5D /* Debug */,
				3DA79E9C22FD586D00075AC8 /* Info.plist */,
			);
			path = Configuration;
			sourceTree = "<group>";
		};
		3D7AE83622FD7C7A00410B5D /* Resources */ = {
			isa = PBXGroup;
			children = (
				3DA79E9722FD586D00075AC8 /* Assets.xcassets */,
			);
			path = Resources;
			sourceTree = "<group>";
		};
		3D7AE83722FD7C8600410B5D /* Source */ = {
			isa = PBXGroup;
			children = (
				3D7AE83D22FD7D5700410B5D /* Configuration */,
				3D7AE84022FD7D7C00410B5D /* Context */,
				3D7AE84422FD7DAD00410B5D /* Functionalities */,
				3D7AE84522FD7DBB00410B5D /* Tools */,
				3D7AE84622FD7DC000410B5D /* UI */,
				3D7AE84722FD7DC500410B5D /* Utils */,
			);
			path = Source;
			sourceTree = "<group>";
		};
		3D7AE83822FD7CA600410B5D /* Debug */ = {
			isa = PBXGroup;
			children = (
				3D7AE83B22FD7CF700410B5D /* config.plist */,
			);
			path = Debug;
			sourceTree = "<group>";
		};
		3D7AE83D22FD7D5700410B5D /* Configuration */ = {
			isa = PBXGroup;
			children = (
				3D7AE83E22FD7D7100410B5D /* ConfigurationManager.swift */,
			);
			path = Configuration;
			sourceTree = "<group>";
		};
		3D7AE84022FD7D7C00410B5D /* Context */ = {
			isa = PBXGroup;
			children = (
				3D7AE84122FD7D8300410B5D /* Application */,
				3D7AE84222FD7D8900410B5D /* LocalRepository */,
				3D7AE84322FD7D9600410B5D /* RemoteRepository */,
			);
			path = Context;
			sourceTree = "<group>";
		};
		3D7AE84122FD7D8300410B5D /* Application */ = {
			isa = PBXGroup;
			children = (
				3DA79E9022FD586A00075AC8 /* AppDelegate.swift */,
			);
			path = Application;
			sourceTree = "<group>";
		};
		3D7AE84222FD7D8900410B5D /* LocalRepository */ = {
			isa = PBXGroup;
			children = (
			);
			path = LocalRepository;
			sourceTree = "<group>";
		};
		3D7AE84322FD7D9600410B5D /* RemoteRepository */ = {
			isa = PBXGroup;
			children = (
			);
			path = RemoteRepository;
			sourceTree = "<group>";
		};
		3D7AE84422FD7DAD00410B5D /* Functionalities */ = {
			isa = PBXGroup;
			children = (
				3D7AE84922FD7E2500410B5D /* Home */,
				3D7AE84822FD7DF100410B5D /* Launch */,
			);
			path = Functionalities;
			sourceTree = "<group>";
		};
		3D7AE84522FD7DBB00410B5D /* Tools */ = {
			isa = PBXGroup;
			children = (
				3DA2A7972303FFAC001D3EA2 /* Logger.swift */,
			);
			path = Tools;
			sourceTree = "<group>";
		};
		3D7AE84622FD7DC000410B5D /* UI */ = {
			isa = PBXGroup;
			children = (
			);
			path = UI;
			sourceTree = "<group>";
		};
		3D7AE84722FD7DC500410B5D /* Utils */ = {
			isa = PBXGroup;
			children = (
			);
			path = Utils;
			sourceTree = "<group>";
		};
		3D7AE84822FD7DF100410B5D /* Launch */ = {
			isa = PBXGroup;
			children = (
				3DA79E9922FD586D00075AC8 /* LaunchScreen.storyboard */,
			);
			path = Launch;
			sourceTree = "<group>";
		};
		3D7AE84922FD7E2500410B5D /* Home */ = {
			isa = PBXGroup;
			children = (
				3DA79E9222FD586A00075AC8 /* ViewController.swift */,
				3DA79E9422FD586A00075AC8 /* Main.storyboard */,
			);
			path = Home;
			sourceTree = "<group>";
		};
		3DA79E8422FD586A00075AC8 = {
			isa = PBXGroup;
			children = (
				3DA79E8F22FD586A00075AC8 /* Satelita */,
				3DA79E8E22FD586A00075AC8 /* Products */,
				024B48241C6125CBADA670EF /* Pods */,
				871E6CC31EE48EE0479B7113 /* Frameworks */,
			);
			sourceTree = "<group>";
		};
		3DA79E8E22FD586A00075AC8 /* Products */ = {
			isa = PBXGroup;
			children = (
				3DA79E8D22FD586A00075AC8 /* Satelita.app */,
			);
			name = Products;
			sourceTree = "<group>";
		};
		3DA79E8F22FD586A00075AC8 /* Satelita */ = {
			isa = PBXGroup;
			children = (
				3D7AE83522FD7C4300410B5D /* Configuration */,
				3D7AE83722FD7C8600410B5D /* Source */,
				3D7AE83622FD7C7A00410B5D /* Resources */,
			);
			path = Satelita;
			sourceTree = "<group>";
		};
		871E6CC31EE48EE0479B7113 /* Frameworks */ = {
			isa = PBXGroup;
			children = (
				FB9E8E11FA2E8B0260C7AECC /* Pods_Satelita.framework */,
			);
			name = Frameworks;
			sourceTree = "<group>";
		};
/* End PBXGroup section */

/* Begin PBXNativeTarget section */
		3DA79E8C22FD586A00075AC8 /* Satelita */ = {
			isa = PBXNativeTarget;
			buildConfigurationList = 3DA79E9F22FD586D00075AC8 /* Build configuration list for PBXNativeTarget "Satelita" */;
			buildPhases = (
				EEAD93B4CFCAA918C48594C3 /* [CP] Check Pods Manifest.lock */,
				3DA79E8922FD586A00075AC8 /* Sources */,
				3DA79E8A22FD586A00075AC8 /* Frameworks */,
				3DA79E8B22FD586A00075AC8 /* Resources */,
				9A3254B84E074C3AC99206C8 /* [CP] Embed Pods Frameworks */,
			);
			buildRules = (
			);
			dependencies = (
			);
			name = Satelita;
			productName = Satelita;
			productReference = 3DA79E8D22FD586A00075AC8 /* Satelita.app */;
			productType = "com.apple.product-type.application";
		};
/* End PBXNativeTarget section */

/* Begin PBXProject section */
		3DA79E8522FD586A00075AC8 /* Project object */ = {
			isa = PBXProject;
			attributes = {
				LastSwiftUpdateCheck = 1030;
				LastUpgradeCheck = 1030;
				ORGANIZATIONNAME = "Konrad Belzowski";
				TargetAttributes = {
					3DA79E8C22FD586A00075AC8 = {
						CreatedOnToolsVersion = 10.3;
					};
				};
			};
			buildConfigurationList = 3DA79E8822FD586A00075AC8 /* Build configuration list for PBXProject "Satelita" */;
			compatibilityVersion = "Xcode 9.3";
			developmentRegion = en;
			hasScannedForEncodings = 0;
			knownRegions = (
				en,
				Base,
			);
			mainGroup = 3DA79E8422FD586A00075AC8;
			productRefGroup = 3DA79E8E22FD586A00075AC8 /* Products */;
			projectDirPath = "";
			projectRoot = "";
			targets = (
				3DA79E8C22FD586A00075AC8 /* Satelita */,
			);
		};
/* End PBXProject section */

/* Begin PBXResourcesBuildPhase section */
		3DA79E8B22FD586A00075AC8 /* Resources */ = {
			isa = PBXResourcesBuildPhase;
			buildActionMask = 2147483647;
			files = (
				3D7AE83C22FD7CF700410B5D /* config.plist in Resources */,
				3DA79E9B22FD586D00075AC8 /* LaunchScreen.storyboard in Resources */,
				3DA79E9822FD586D00075AC8 /* Assets.xcassets in Resources */,
				3DA79E9622FD586A00075AC8 /* Main.storyboard in Resources */,
			);
			runOnlyForDeploymentPostprocessing = 0;
		};
/* End PBXResourcesBuildPhase section */

/* Begin PBXShellScriptBuildPhase section */
		9A3254B84E074C3AC99206C8 /* [CP] Embed Pods Frameworks */ = {
			isa = PBXShellScriptBuildPhase;
			buildActionMask = 2147483647;
			files = (
			);
			inputFileListPaths = (
				"${PODS_ROOT}/Target Support Files/Pods-Satelita/Pods-Satelita-frameworks-${CONFIGURATION}-input-files.xcfilelist",
			);
			name = "[CP] Embed Pods Frameworks";
			outputFileListPaths = (
				"${PODS_ROOT}/Target Support Files/Pods-Satelita/Pods-Satelita-frameworks-${CONFIGURATION}-output-files.xcfilelist",
			);
			runOnlyForDeploymentPostprocessing = 0;
			shellPath = /bin/sh;
			shellScript = "\"${PODS_ROOT}/Target Support Files/Pods-Satelita/Pods-Satelita-frameworks.sh\"\n";
			showEnvVarsInLog = 0;
		};
		EEAD93B4CFCAA918C48594C3 /* [CP] Check Pods Manifest.lock */ = {
			isa = PBXShellScriptBuildPhase;
			buildActionMask = 2147483647;
			files = (
			);
			inputFileListPaths = (
			);
			inputPaths = (
				"${PODS_PODFILE_DIR_PATH}/Podfile.lock",
				"${PODS_ROOT}/Manifest.lock",
			);
			name = "[CP] Check Pods Manifest.lock";
			outputFileListPaths = (
			);
			outputPaths = (
				"$(DERIVED_FILE_DIR)/Pods-Satelita-checkManifestLockResult.txt",
			);
			runOnlyForDeploymentPostprocessing = 0;
			shellPath = /bin/sh;
			shellScript = "diff \"${PODS_PODFILE_DIR_PATH}/Podfile.lock\" \"${PODS_ROOT}/Manifest.lock\" > /dev/null\nif [ $? != 0 ] ; then\n    # print error to STDERR\n    echo \"error: The sandbox is not in sync with the Podfile.lock. Run 'pod install' or update your CocoaPods installation.\" >&2\n    exit 1\nfi\n# This output is used by Xcode 'outputs' to avoid re-running this script phase.\necho \"SUCCESS\" > \"${SCRIPT_OUTPUT_FILE_0}\"\n";
			showEnvVarsInLog = 0;
		};
/* End PBXShellScriptBuildPhase section */

/* Begin PBXSourcesBuildPhase section */
		3DA79E8922FD586A00075AC8 /* Sources */ = {
			isa = PBXSourcesBuildPhase;
			buildActionMask = 2147483647;
			files = (
				3DA79E9322FD586A00075AC8 /* ViewController.swift in Sources */,
				3DA79E9122FD586A00075AC8 /* AppDelegate.swift in Sources */,
				3D7AE83F22FD7D7100410B5D /* ConfigurationManager.swift in Sources */,
				3DA2A7982303FFAC001D3EA2 /* Logger.swift in Sources */,
			);
			runOnlyForDeploymentPostprocessing = 0;
		};
/* End PBXSourcesBuildPhase section */

/* Begin PBXVariantGroup section */
		3DA79E9422FD586A00075AC8 /* Main.storyboard */ = {
			isa = PBXVariantGroup;
			children = (
				3DA79E9522FD586A00075AC8 /* Base */,
			);
			name = Main.storyboard;
			sourceTree = "<group>";
		};
		3DA79E9922FD586D00075AC8 /* LaunchScreen.storyboard */ = {
			isa = PBXVariantGroup;
			children = (
				3DA79E9A22FD586D00075AC8 /* Base */,
			);
			name = LaunchScreen.storyboard;
			sourceTree = "<group>";
		};
/* End PBXVariantGroup section */

/* Begin XCBuildConfiguration section */
		3DA79E9D22FD586D00075AC8 /* Debug */ = {
			isa = XCBuildConfiguration;
			buildSettings = {
				ALWAYS_SEARCH_USER_PATHS = NO;
				CLANG_ANALYZER_NONNULL = YES;
				CLANG_ANALYZER_NUMBER_OBJECT_CONVERSION = YES_AGGRESSIVE;
				CLANG_CXX_LANGUAGE_STANDARD = "gnu++14";
				CLANG_CXX_LIBRARY = "libc++";
				CLANG_ENABLE_MODULES = YES;
				CLANG_ENABLE_OBJC_ARC = YES;
				CLANG_ENABLE_OBJC_WEAK = YES;
				CLANG_WARN_BLOCK_CAPTURE_AUTORELEASING = YES;
				CLANG_WARN_BOOL_CONVERSION = YES;
				CLANG_WARN_COMMA = YES;
				CLANG_WARN_CONSTANT_CONVERSION = YES;
				CLANG_WARN_DEPRECATED_OBJC_IMPLEMENTATIONS = YES;
				CLANG_WARN_DIRECT_OBJC_ISA_USAGE = YES_ERROR;
				CLANG_WARN_DOCUMENTATION_COMMENTS = YES;
				CLANG_WARN_EMPTY_BODY = YES;
				CLANG_WARN_ENUM_CONVERSION = YES;
				CLANG_WARN_INFINITE_RECURSION = YES;
				CLANG_WARN_INT_CONVERSION = YES;
				CLANG_WARN_NON_LITERAL_NULL_CONVERSION = YES;
				CLANG_WARN_OBJC_IMPLICIT_RETAIN_SELF = YES;
				CLANG_WARN_OBJC_LITERAL_CONVERSION = YES;
				CLANG_WARN_OBJC_ROOT_CLASS = YES_ERROR;
				CLANG_WARN_RANGE_LOOP_ANALYSIS = YES;
				CLANG_WARN_STRICT_PROTOTYPES = YES;
				CLANG_WARN_SUSPICIOUS_MOVE = YES;
				CLANG_WARN_UNGUARDED_AVAILABILITY = YES_AGGRESSIVE;
				CLANG_WARN_UNREACHABLE_CODE = YES;
				CLANG_WARN__DUPLICATE_METHOD_MATCH = YES;
				CODE_SIGN_IDENTITY = "iPhone Developer";
				COPY_PHASE_STRIP = NO;
				DEBUG_INFORMATION_FORMAT = dwarf;
				ENABLE_STRICT_OBJC_MSGSEND = YES;
				ENABLE_TESTABILITY = YES;
				GCC_C_LANGUAGE_STANDARD = gnu11;
				GCC_DYNAMIC_NO_PIC = NO;
				GCC_NO_COMMON_BLOCKS = YES;
				GCC_OPTIMIZATION_LEVEL = 0;
				GCC_PREPROCESSOR_DEFINITIONS = (
					"DEBUG=1",
					"$(inherited)",
				);
				GCC_WARN_64_TO_32_BIT_CONVERSION = YES;
				GCC_WARN_ABOUT_RETURN_TYPE = YES_ERROR;
				GCC_WARN_UNDECLARED_SELECTOR = YES;
				GCC_WARN_UNINITIALIZED_AUTOS = YES_AGGRESSIVE;
				GCC_WARN_UNUSED_FUNCTION = YES;
				GCC_WARN_UNUSED_VARIABLE = YES;
				IPHONEOS_DEPLOYMENT_TARGET = 12.4;
				MTL_ENABLE_DEBUG_INFO = INCLUDE_SOURCE;
				MTL_FAST_MATH = YES;
				ONLY_ACTIVE_ARCH = YES;
				SDKROOT = iphoneos;
				SWIFT_ACTIVE_COMPILATION_CONDITIONS = DEBUG;
				SWIFT_OPTIMIZATION_LEVEL = "-Onone";
			};
			name = Debug;
		};
		3DA79E9E22FD586D00075AC8 /* Release */ = {
			isa = XCBuildConfiguration;
			buildSettings = {
				ALWAYS_SEARCH_USER_PATHS = NO;
				CLANG_ANALYZER_NONNULL = YES;
				CLANG_ANALYZER_NUMBER_OBJECT_CONVERSION = YES_AGGRESSIVE;
				CLANG_CXX_LANGUAGE_STANDARD = "gnu++14";
				CLANG_CXX_LIBRARY = "libc++";
				CLANG_ENABLE_MODULES = YES;
				CLANG_ENABLE_OBJC_ARC = YES;
				CLANG_ENABLE_OBJC_WEAK = YES;
				CLANG_WARN_BLOCK_CAPTURE_AUTORELEASING = YES;
				CLANG_WARN_BOOL_CONVERSION = YES;
				CLANG_WARN_COMMA = YES;
				CLANG_WARN_CONSTANT_CONVERSION = YES;
				CLANG_WARN_DEPRECATED_OBJC_IMPLEMENTATIONS = YES;
				CLANG_WARN_DIRECT_OBJC_ISA_USAGE = YES_ERROR;
				CLANG_WARN_DOCUMENTATION_COMMENTS = YES;
				CLANG_WARN_EMPTY_BODY = YES;
				CLANG_WARN_ENUM_CONVERSION = YES;
				CLANG_WARN_INFINITE_RECURSION = YES;
				CLANG_WARN_INT_CONVERSION = YES;
				CLANG_WARN_NON_LITERAL_NULL_CONVERSION = YES;
				CLANG_WARN_OBJC_IMPLICIT_RETAIN_SELF = YES;
				CLANG_WARN_OBJC_LITERAL_CONVERSION = YES;
				CLANG_WARN_OBJC_ROOT_CLASS = YES_ERROR;
				CLANG_WARN_RANGE_LOOP_ANALYSIS = YES;
				CLANG_WARN_STRICT_PROTOTYPES = YES;
				CLANG_WARN_SUSPICIOUS_MOVE = YES;
				CLANG_WARN_UNGUARDED_AVAILABILITY = YES_AGGRESSIVE;
				CLANG_WARN_UNREACHABLE_CODE = YES;
				CLANG_WARN__DUPLICATE_METHOD_MATCH = YES;
				CODE_SIGN_IDENTITY = "iPhone Developer";
				COPY_PHASE_STRIP = NO;
				DEBUG_INFORMATION_FORMAT = "dwarf-with-dsym";
				ENABLE_NS_ASSERTIONS = NO;
				ENABLE_STRICT_OBJC_MSGSEND = YES;
				GCC_C_LANGUAGE_STANDARD = gnu11;
				GCC_NO_COMMON_BLOCKS = YES;
				GCC_WARN_64_TO_32_BIT_CONVERSION = YES;
				GCC_WARN_ABOUT_RETURN_TYPE = YES_ERROR;
				GCC_WARN_UNDECLARED_SELECTOR = YES;
				GCC_WARN_UNINITIALIZED_AUTOS = YES_AGGRESSIVE;
				GCC_WARN_UNUSED_FUNCTION = YES;
				GCC_WARN_UNUSED_VARIABLE = YES;
				IPHONEOS_DEPLOYMENT_TARGET = 12.4;
				MTL_ENABLE_DEBUG_INFO = NO;
				MTL_FAST_MATH = YES;
				SDKROOT = iphoneos;
				SWIFT_COMPILATION_MODE = wholemodule;
				SWIFT_OPTIMIZATION_LEVEL = "-O";
				VALIDATE_PRODUCT = YES;
			};
			name = Release;
		};
		3DA79EA022FD586D00075AC8 /* Debug */ = {
			isa = XCBuildConfiguration;
			baseConfigurationReference = F089F7CBC65322CA1227DDB7 /* Pods-Satelita.debug.xcconfig */;
			buildSettings = {
				ASSETCATALOG_COMPILER_APPICON_NAME = AppIcon;
				CODE_SIGN_STYLE = Automatic;
				INFOPLIST_FILE = "$(SRCROOT)/Satelita/Configuration/Info.plist";
				LD_RUNPATH_SEARCH_PATHS = (
					"$(inherited)",
					"@executable_path/Frameworks",
				);
				PRODUCT_BUNDLE_IDENTIFIER = Belzowski.Satelita;
				PRODUCT_NAME = "$(TARGET_NAME)";
				SWIFT_VERSION = 5.0;
				TARGETED_DEVICE_FAMILY = "1,2";
			};
			name = Debug;
		};
		3DA79EA122FD586D00075AC8 /* Release */ = {
			isa = XCBuildConfiguration;
			baseConfigurationReference = 6E5D25CDB366D141E67A2C30 /* Pods-Satelita.release.xcconfig */;
			buildSettings = {
				ASSETCATALOG_COMPILER_APPICON_NAME = AppIcon;
				CODE_SIGN_STYLE = Automatic;
				INFOPLIST_FILE = "$(SRCROOT)/Satelita/Configuration/Info.plist";
				LD_RUNPATH_SEARCH_PATHS = (
					"$(inherited)",
					"@executable_path/Frameworks",
				);
				PRODUCT_BUNDLE_IDENTIFIER = Belzowski.Satelita;
				PRODUCT_NAME = "$(TARGET_NAME)";
				SWIFT_VERSION = 5.0;
				TARGETED_DEVICE_FAMILY = "1,2";
			};
			name = Release;
		};
/* End XCBuildConfiguration section */

/* Begin XCConfigurationList section */
		3DA79E8822FD586A00075AC8 /* Build configuration list for PBXProject "Satelita" */ = {
			isa = XCConfigurationList;
			buildConfigurations = (
				3DA79E9D22FD586D00075AC8 /* Debug */,
				3DA79E9E22FD586D00075AC8 /* Release */,
			);
			defaultConfigurationIsVisible = 0;
			defaultConfigurationName = Release;
		};
		3DA79E9F22FD586D00075AC8 /* Build configuration list for PBXNativeTarget "Satelita" */ = {
			isa = XCConfigurationList;
			buildConfigurations = (
				3DA79EA022FD586D00075AC8 /* Debug */,
				3DA79EA122FD586D00075AC8 /* Release */,
			);
			defaultConfigurationIsVisible = 0;
			defaultConfigurationName = Release;
		};
/* End XCConfigurationList section */
	};
	rootObject = 3DA79E8522FD586A00075AC8 /* Project object */;
}
